
Microsoft Visual Studio Solution File, Format Version 12.00
# Visual Studio Version 17
VisualStudioVersion = 17.0.31808.319
MinimumVisualStudioVersion = 10.0.40219.1
Project("{FAE04EC0-301F-11D3-BF4B-00C04F79EFBC}") = "Astro-Physics Tools", "DaleGhent.NINA.AstroPhysics\Astro-Physics Tools.csproj", "{141704E0-505C-492C-9E74-3B85F1C05D12}"
EndProject
Project("{2150E333-8FDC-42A3-9474-1A3956D46DE8}") = "SolutionItems", "SolutionItems", "{3A7B69EE-60D7-414C-ABFF-B918973CFC75}"
	ProjectSection(SolutionItems) = preProject
		.gitignore = .gitignore
		LICENSE.txt = LICENSE.txt
		README.md = README.md
	EndProjectSection
EndProject
Project("{FAE04EC0-301F-11D3-BF4B-00C04F79EFBC}") = "Ground Station", "GroundStation\Ground Station.csproj", "{738D56B5-DF32-4932-9344-883E9731D3AB}"
EndProject
Project("{FAE04EC0-301F-11D3-BF4B-00C04F79EFBC}") = "PlaneWave Tools", "PlaneWaveTools\PlaneWave Tools.csproj", "{68E3F20A-3FCB-46F7-B5D1-1C3BAD0968A0}"
EndProject
Global
	GlobalSection(SolutionConfigurationPlatforms) = preSolution
		Debug|Any CPU = Debug|Any CPU
		Release|Any CPU = Release|Any CPU
	EndGlobalSection
	GlobalSection(ProjectConfigurationPlatforms) = postSolution
		{141704E0-505C-492C-9E74-3B85F1C05D12}.Debug|Any CPU.ActiveCfg = Release|Any CPU
		{141704E0-505C-492C-9E74-3B85F1C05D12}.Debug|Any CPU.Build.0 = Release|Any CPU
		{141704E0-505C-492C-9E74-3B85F1C05D12}.Release|Any CPU.ActiveCfg = Release|Any CPU
		{141704E0-505C-492C-9E74-3B85F1C05D12}.Release|Any CPU.Build.0 = Release|Any CPU
		{738D56B5-DF32-4932-9344-883E9731D3AB}.Debug|Any CPU.ActiveCfg = Debug|Any CPU
		{738D56B5-DF32-4932-9344-883E9731D3AB}.Debug|Any CPU.Build.0 = Debug|Any CPU
		{738D56B5-DF32-4932-9344-883E9731D3AB}.Release|Any CPU.ActiveCfg = Release|Any CPU
		{738D56B5-DF32-4932-9344-883E9731D3AB}.Release|Any CPU.Build.0 = Release|Any CPU
		{68E3F20A-3FCB-46F7-B5D1-1C3BAD0968A0}.Debug|Any CPU.ActiveCfg = Debug|Any CPU
		{68E3F20A-3FCB-46F7-B5D1-1C3BAD0968A0}.Debug|Any CPU.Build.0 = Debug|Any CPU
		{68E3F20A-3FCB-46F7-B5D1-1C3BAD0968A0}.Release|Any CPU.ActiveCfg = Release|Any CPU
		{68E3F20A-3FCB-46F7-B5D1-1C3BAD0968A0}.Release|Any CPU.Build.0 = Release|Any CPU
	EndGlobalSection
	GlobalSection(SolutionProperties) = preSolution
		HideSolutionNode = FALSE
	EndGlobalSection
	GlobalSection(ExtensibilityGlobals) = postSolution
		SolutionGuid = {B45CE89B-1961-4499-801A-BAE72ECF84C8}
	EndGlobalSection
EndGlobal
